
Microsoft Visual Studio Solution File, Format Version 12.00
# Visual Studio Version 17
VisualStudioVersion = 17.13.35806.99
MinimumVisualStudioVersion = 10.0.40219.1
Project("{FAE04EC0-301F-11D3-BF4B-00C04F79EFBC}") = "Assignment_PRN231", "Assignment_PRN231\Assignment_PRN231.csproj", "{144B3C43-961A-4AC0-B758-3D0124F7A8DF}"
EndProject
Project("{FAE04EC0-301F-11D3-BF4B-00C04F79EFBC}") = "Assignment_PRN231.BLL", "Assignment_PRN231.BLL\Assignment_PRN231.BLL.csproj", "{FF11651E-BC33-47BF-B279-DB13CA8CC7C8}"
EndProject
Project("{FAE04EC0-301F-11D3-BF4B-00C04F79EFBC}") = "Assignment_PRN231.DAL", "Assignment_PRN231.DAL\Assignment_PRN231.DAL.csproj", "{06573BCA-658B-4FCB-AFFB-BBD2960CF4A5}"
EndProject
Project("{FAE04EC0-301F-11D3-BF4B-00C04F79EFBC}") = "Assignment_PRN231.Model", "Assignment_PRN231.Model\Assignment_PRN231.Model.csproj", "{94B8E20C-4A62-43CE-A89A-BEC35D750383}"
EndProject
Global
	GlobalSection(SolutionConfigurationPlatforms) = preSolution
		Debug|Any CPU = Debug|Any CPU
		Release|Any CPU = Release|Any CPU
	EndGlobalSection
	GlobalSection(ProjectConfigurationPlatforms) = postSolution
		{144B3C43-961A-4AC0-B758-3D0124F7A8DF}.Debug|Any CPU.ActiveCfg = Debug|Any CPU
		{144B3C43-961A-4AC0-B758-3D0124F7A8DF}.Debug|Any CPU.Build.0 = Debug|Any CPU
		{144B3C43-961A-4AC0-B758-3D0124F7A8DF}.Release|Any CPU.ActiveCfg = Release|Any CPU
		{144B3C43-961A-4AC0-B758-3D0124F7A8DF}.Release|Any CPU.Build.0 = Release|Any CPU
		{FF11651E-BC33-47BF-B279-DB13CA8CC7C8}.Debug|Any CPU.ActiveCfg = Debug|Any CPU
		{FF11651E-BC33-47BF-B279-DB13CA8CC7C8}.Debug|Any CPU.Build.0 = Debug|Any CPU
		{FF11651E-BC33-47BF-B279-DB13CA8CC7C8}.Release|Any CPU.ActiveCfg = Release|Any CPU
		{FF11651E-BC33-47BF-B279-DB13CA8CC7C8}.Release|Any CPU.Build.0 = Release|Any CPU
		{06573BCA-658B-4FCB-AFFB-BBD2960CF4A5}.Debug|Any CPU.ActiveCfg = Debug|Any CPU
		{06573BCA-658B-4FCB-AFFB-BBD2960CF4A5}.Debug|Any CPU.Build.0 = Debug|Any CPU
		{06573BCA-658B-4FCB-AFFB-BBD2960CF4A5}.Release|Any CPU.ActiveCfg = Release|Any CPU
		{06573BCA-658B-4FCB-AFFB-BBD2960CF4A5}.Release|Any CPU.Build.0 = Release|Any CPU
		{94B8E20C-4A62-43CE-A89A-BEC35D750383}.Debug|Any CPU.ActiveCfg = Debug|Any CPU
		{94B8E20C-4A62-43CE-A89A-BEC35D750383}.Debug|Any CPU.Build.0 = Debug|Any CPU
		{94B8E20C-4A62-43CE-A89A-BEC35D750383}.Release|Any CPU.ActiveCfg = Release|Any CPU
		{94B8E20C-4A62-43CE-A89A-BEC35D750383}.Release|Any CPU.Build.0 = Release|Any CPU
	EndGlobalSection
	GlobalSection(SolutionProperties) = preSolution
		HideSolutionNode = FALSE
	EndGlobalSection
	GlobalSection(ExtensibilityGlobals) = postSolution
		SolutionGuid = {B7C1E7D7-7E4B-4B1C-9D4B-722D25596C52}
	EndGlobalSection
EndGlobal
